
Microsoft Visual Studio Solution File, Format Version 12.00
# Visual Studio Version 17
VisualStudioVersion = 17.11.35312.102
MinimumVisualStudioVersion = 10.0.40219.1
Project("{9A19103F-16F7-4668-BE54-9A1E7A4F7556}") = "EncoreTixApp", "EncoreTixApp.csproj", "{96B7C17D-EB92-4777-9A07-A3C833D04860}"
EndProject
Global
	GlobalSection(SolutionConfigurationPlatforms) = preSolution
		Debug|Any CPU = Debug|Any CPU
		Release|Any CPU = Release|Any CPU
	EndGlobalSection
	GlobalSection(ProjectConfigurationPlatforms) = postSolution
		{96B7C17D-EB92-4777-9A07-A3C833D04860}.Debug|Any CPU.ActiveCfg = Debug|Any CPU
		{96B7C17D-EB92-4777-9A07-A3C833D04860}.Debug|Any CPU.Build.0 = Debug|Any CPU
		{96B7C17D-EB92-4777-9A07-A3C833D04860}.Release|Any CPU.ActiveCfg = Release|Any CPU
		{96B7C17D-EB92-4777-9A07-A3C833D04860}.Release|Any CPU.Build.0 = Release|Any CPU
	EndGlobalSection
	GlobalSection(SolutionProperties) = preSolution
		HideSolutionNode = FALSE
	EndGlobalSection
	GlobalSection(ExtensibilityGlobals) = postSolution
		SolutionGuid = {CF195792-F593-4CD5-B3BE-D65076737D2B}
	EndGlobalSection
EndGlobal
